
Microsoft Visual Studio Solution File, Format Version 12.00
# Visual Studio Version 16
VisualStudioVersion = 16.0.30611.23
MinimumVisualStudioVersion = 10.0.40219.1
Project("{FAE04EC0-301F-11D3-BF4B-00C04F79EFBC}") = "pipeline", "pipeline\pipeline.csproj", "{FC5CD1B7-3AC9-4674-BDFF-527928D58C6A}"
EndProject
Global
	GlobalSection(SolutionConfigurationPlatforms) = preSolution
		Debug|Any CPU = Debug|Any CPU
		Release|Any CPU = Release|Any CPU
	EndGlobalSection
	GlobalSection(ProjectConfigurationPlatforms) = postSolution
		{FC5CD1B7-3AC9-4674-BDFF-527928D58C6A}.Debug|Any CPU.ActiveCfg = Debug|Any CPU
		{FC5CD1B7-3AC9-4674-BDFF-527928D58C6A}.Debug|Any CPU.Build.0 = Debug|Any CPU
		{FC5CD1B7-3AC9-4674-BDFF-527928D58C6A}.Release|Any CPU.ActiveCfg = Release|Any CPU
		{FC5CD1B7-3AC9-4674-BDFF-527928D58C6A}.Release|Any CPU.Build.0 = Release|Any CPU
	EndGlobalSection
	GlobalSection(SolutionProperties) = preSolution
		HideSolutionNode = FALSE
	EndGlobalSection
	GlobalSection(ExtensibilityGlobals) = postSolution
		SolutionGuid = {E65C76BE-1B52-4DDB-B8A5-B8DFB211626C}
	EndGlobalSection
EndGlobal
